{
  "name": "AlquileresMuebles",
  "lockfileVersion": 3,
  "requires": true,
  "packages": {
    "": {
      "dependencies": {
        "sweetalert2": "^11.7.22"
      }
    },
    "node_modules/sweetalert2": {
      "version": "11.7.22",
      "resolved": "https://registry.npmjs.org/sweetalert2/-/sweetalert2-11.7.22.tgz",
      "integrity": "sha512-Xu5now8VnxBKtdnoQw562zXldCOJ/pNsFHTcmSGgJHH+702Bulh4Ps00/js9HqFv00mZ6Hf1wm4BXxqssWyREg==",
      "funding": {
        "type": "individual",
        "url": "https://github.com/sponsors/limonte"
      }
    }
  }
}
